
Microsoft Visual Studio Solution File, Format Version 12.00
# Visual Studio 2012
Project("{FAE04EC0-301F-11D3-BF4B-00C04F79EFBC}") = "FInalProject", "FInalProject\FInalProject.csproj", "{15A7DA6F-FA19-49A0-A5A8-541871AAFDC2}"
EndProject
Global
	GlobalSection(SolutionConfigurationPlatforms) = preSolution
		Debug|iPhoneSimulator = Debug|iPhoneSimulator
		Release|iPhone = Release|iPhone
		Release|iPhoneSimulator = Release|iPhoneSimulator
		Debug|iPhone = Debug|iPhone
	EndGlobalSection
	GlobalSection(ProjectConfigurationPlatforms) = postSolution
		{15A7DA6F-FA19-49A0-A5A8-541871AAFDC2}.Debug|iPhoneSimulator.ActiveCfg = Debug|iPhoneSimulator
		{15A7DA6F-FA19-49A0-A5A8-541871AAFDC2}.Debug|iPhoneSimulator.Build.0 = Debug|iPhoneSimulator
		{15A7DA6F-FA19-49A0-A5A8-541871AAFDC2}.Release|iPhone.ActiveCfg = Release|iPhone
		{15A7DA6F-FA19-49A0-A5A8-541871AAFDC2}.Release|iPhone.Build.0 = Release|iPhone
		{15A7DA6F-FA19-49A0-A5A8-541871AAFDC2}.Release|iPhoneSimulator.ActiveCfg = Release|iPhoneSimulator
		{15A7DA6F-FA19-49A0-A5A8-541871AAFDC2}.Release|iPhoneSimulator.Build.0 = Release|iPhoneSimulator
		{15A7DA6F-FA19-49A0-A5A8-541871AAFDC2}.Debug|iPhone.ActiveCfg = Debug|iPhone
		{15A7DA6F-FA19-49A0-A5A8-541871AAFDC2}.Debug|iPhone.Build.0 = Debug|iPhone
	EndGlobalSection
EndGlobal
